// !$*UTF8*$!
{
	archiveVersion = 1;
	classes = {
	};
	objectVersion = 55;
	objects = {

/* Begin PBXBuildFile section */
		482FE8D42737144800BDF8EF /* AppDelegate.swift in Sources */ = {isa = PBXBuildFile; fileRef = 482FE8D32737144800BDF8EF /* AppDelegate.swift */; };
		482FE8D62737144800BDF8EF /* SceneDelegate.swift in Sources */ = {isa = PBXBuildFile; fileRef = 482FE8D52737144800BDF8EF /* SceneDelegate.swift */; };
		482FE8DD2737144D00BDF8EF /* Assets.xcassets in Resources */ = {isa = PBXBuildFile; fileRef = 482FE8DC2737144D00BDF8EF /* Assets.xcassets */; };
		482FE8E02737144D00BDF8EF /* LaunchScreen.storyboard in Resources */ = {isa = PBXBuildFile; fileRef = 482FE8DE2737144D00BDF8EF /* LaunchScreen.storyboard */; };
		482FE8EB2737144E00BDF8EF /* VIPERTests.swift in Sources */ = {isa = PBXBuildFile; fileRef = 482FE8EA2737144E00BDF8EF /* VIPERTests.swift */; };
		482FE8F52737144E00BDF8EF /* VIPERUITests.swift in Sources */ = {isa = PBXBuildFile; fileRef = 482FE8F42737144E00BDF8EF /* VIPERUITests.swift */; };
		482FE8F72737144E00BDF8EF /* VIPERUITestsLaunchTests.swift in Sources */ = {isa = PBXBuildFile; fileRef = 482FE8F62737144E00BDF8EF /* VIPERUITestsLaunchTests.swift */; };
		482FE9042737148300BDF8EF /* View.swift in Sources */ = {isa = PBXBuildFile; fileRef = 482FE9032737148300BDF8EF /* View.swift */; };
		482FE907273714A500BDF8EF /* Interactor.swift in Sources */ = {isa = PBXBuildFile; fileRef = 482FE906273714A500BDF8EF /* Interactor.swift */; };
		482FE909273714AF00BDF8EF /* Presenter.swift in Sources */ = {isa = PBXBuildFile; fileRef = 482FE908273714AF00BDF8EF /* Presenter.swift */; };
		482FE90B273714BC00BDF8EF /* Entity.swift in Sources */ = {isa = PBXBuildFile; fileRef = 482FE90A273714BC00BDF8EF /* Entity.swift */; };
		482FE90D273714CB00BDF8EF /* Router.swift in Sources */ = {isa = PBXBuildFile; fileRef = 482FE90C273714CB00BDF8EF /* Router.swift */; };
/* End PBXBuildFile section */

/* Begin PBXContainerItemProxy section */
		482FE8E72737144E00BDF8EF /* PBXContainerItemProxy */ = {
			isa = PBXContainerItemProxy;
			containerPortal = 482FE8C82737144800BDF8EF /* Project object */;
			proxyType = 1;
			remoteGlobalIDString = 482FE8CF2737144800BDF8EF;
			remoteInfo = VIPER;
		};
		482FE8F12737144E00BDF8EF /* PBXContainerItemProxy */ = {
			isa = PBXContainerItemProxy;
			containerPortal = 482FE8C82737144800BDF8EF /* Project object */;
			proxyType = 1;
			remoteGlobalIDString = 482FE8CF2737144800BDF8EF;
			remoteInfo = VIPER;
		};
/* End PBXContainerItemProxy section */

/* Begin PBXFileReference section */
		482FE8D02737144800BDF8EF /* VIPER.app */ = {isa = PBXFileReference; explicitFileType = wrapper.application; includeInIndex = 0; path = VIPER.app; sourceTree = BUILT_PRODUCTS_DIR; };
		482FE8D32737144800BDF8EF /* AppDelegate.swift */ = {isa = PBXFileReference; lastKnownFileType = sourcecode.swift; path = AppDelegate.swift; sourceTree = "<group>"; };
		482FE8D52737144800BDF8EF /* SceneDelegate.swift */ = {isa = PBXFileReference; lastKnownFileType = sourcecode.swift; path = SceneDelegate.swift; sourceTree = "<group>"; };
		482FE8DC2737144D00BDF8EF /* Assets.xcassets */ = {isa = PBXFileReference; lastKnownFileType = folder.assetcatalog; path = Assets.xcassets; sourceTree = "<group>"; };
		482FE8DF2737144D00BDF8EF /* Base */ = {isa = PBXFileReference; lastKnownFileType = file.storyboard; name = Base; path = Base.lproj/LaunchScreen.storyboard; sourceTree = "<group>"; };
		482FE8E12737144D00BDF8EF /* Info.plist */ = {isa = PBXFileReference; lastKnownFileType = text.plist.xml; path = Info.plist; sourceTree = "<group>"; };
		482FE8E62737144E00BDF8EF /* VIPERTests.xctest */ = {isa = PBXFileReference; explicitFileType = wrapper.cfbundle; includeInIndex = 0; path = VIPERTests.xctest; sourceTree = BUILT_PRODUCTS_DIR; };
		482FE8EA2737144E00BDF8EF /* VIPERTests.swift */ = {isa = PBXFileReference; lastKnownFileType = sourcecode.swift; path = VIPERTests.swift; sourceTree = "<group>"; };
		482FE8F02737144E00BDF8EF /* VIPERUITests.xctest */ = {isa = PBXFileReference; explicitFileType = wrapper.cfbundle; includeInIndex = 0; path = VIPERUITests.xctest; sourceTree = BUILT_PRODUCTS_DIR; };
		482FE8F42737144E00BDF8EF /* VIPERUITests.swift */ = {isa = PBXFileReference; lastKnownFileType = sourcecode.swift; path = VIPERUITests.swift; sourceTree = "<group>"; };
		482FE8F62737144E00BDF8EF /* VIPERUITestsLaunchTests.swift */ = {isa = PBXFileReference; lastKnownFileType = sourcecode.swift; path = VIPERUITestsLaunchTests.swift; sourceTree = "<group>"; };
		482FE9032737148300BDF8EF /* View.swift */ = {isa = PBXFileReference; lastKnownFileType = sourcecode.swift; path = View.swift; sourceTree = "<group>"; };
		482FE906273714A500BDF8EF /* Interactor.swift */ = {isa = PBXFileReference; lastKnownFileType = sourcecode.swift; path = Interactor.swift; sourceTree = "<group>"; };
		482FE908273714AF00BDF8EF /* Presenter.swift */ = {isa = PBXFileReference; lastKnownFileType = sourcecode.swift; path = Presenter.swift; sourceTree = "<group>"; };
		482FE90A273714BC00BDF8EF /* Entity.swift */ = {isa = PBXFileReference; lastKnownFileType = sourcecode.swift; path = Entity.swift; sourceTree = "<group>"; };
		482FE90C273714CB00BDF8EF /* Router.swift */ = {isa = PBXFileReference; lastKnownFileType = sourcecode.swift; path = Router.swift; sourceTree = "<group>"; };
/* End PBXFileReference section */

/* Begin PBXFrameworksBuildPhase section */
		482FE8CD2737144800BDF8EF /* Frameworks */ = {
			isa = PBXFrameworksBuildPhase;
			buildActionMask = 2147483647;
			files = (
			);
			runOnlyForDeploymentPostprocessing = 0;
		};
		482FE8E32737144E00BDF8EF /* Frameworks */ = {
			isa = PBXFrameworksBuildPhase;
			buildActionMask = 2147483647;
			files = (
			);
			runOnlyForDeploymentPostprocessing = 0;
		};
		482FE8ED2737144E00BDF8EF /* Frameworks */ = {
			isa = PBXFrameworksBuildPhase;
			buildActionMask = 2147483647;
			files = (
			);
			runOnlyForDeploymentPostprocessing = 0;
		};
/* End PBXFrameworksBuildPhase section */

/* Begin PBXGroup section */
		482FE8C72737144800BDF8EF = {
			isa = PBXGroup;
			children = (
				482FE8D22737144800BDF8EF /* VIPER */,
				482FE8E92737144E00BDF8EF /* VIPERTests */,
				482FE8F32737144E00BDF8EF /* VIPERUITests */,
				482FE8D12737144800BDF8EF /* Products */,
			);
			sourceTree = "<group>";
		};
		482FE8D12737144800BDF8EF /* Products */ = {
			isa = PBXGroup;
			children = (
				482FE8D02737144800BDF8EF /* VIPER.app */,
				482FE8E62737144E00BDF8EF /* VIPERTests.xctest */,
				482FE8F02737144E00BDF8EF /* VIPERUITests.xctest */,
			);
			name = Products;
			sourceTree = "<group>";
		};
		482FE8D22737144800BDF8EF /* VIPER */ = {
			isa = PBXGroup;
			children = (
				482FE9052737148A00BDF8EF /* VIPER */,
				482FE8D32737144800BDF8EF /* AppDelegate.swift */,
				482FE8D52737144800BDF8EF /* SceneDelegate.swift */,
				482FE8DC2737144D00BDF8EF /* Assets.xcassets */,
				482FE8DE2737144D00BDF8EF /* LaunchScreen.storyboard */,
				482FE8E12737144D00BDF8EF /* Info.plist */,
			);
			path = VIPER;
			sourceTree = "<group>";
		};
		482FE8E92737144E00BDF8EF /* VIPERTests */ = {
			isa = PBXGroup;
			children = (
				482FE8EA2737144E00BDF8EF /* VIPERTests.swift */,
			);
			path = VIPERTests;
			sourceTree = "<group>";
		};
		482FE8F32737144E00BDF8EF /* VIPERUITests */ = {
			isa = PBXGroup;
			children = (
				482FE8F42737144E00BDF8EF /* VIPERUITests.swift */,
				482FE8F62737144E00BDF8EF /* VIPERUITestsLaunchTests.swift */,
			);
			path = VIPERUITests;
			sourceTree = "<group>";
		};
		482FE9052737148A00BDF8EF /* VIPER */ = {
			isa = PBXGroup;
			children = (
				482FE9032737148300BDF8EF /* View.swift */,
				482FE906273714A500BDF8EF /* Interactor.swift */,
				482FE908273714AF00BDF8EF /* Presenter.swift */,
				482FE90A273714BC00BDF8EF /* Entity.swift */,
				482FE90C273714CB00BDF8EF /* Router.swift */,
			);
			path = VIPER;
			sourceTree = "<group>";
		};
/* End PBXGroup section */

/* Begin PBXNativeTarget section */
		482FE8CF2737144800BDF8EF /* VIPER */ = {
			isa = PBXNativeTarget;
			buildConfigurationList = 482FE8FA2737144E00BDF8EF /* Build configuration list for PBXNativeTarget "VIPER" */;
			buildPhases = (
				482FE8CC2737144800BDF8EF /* Sources */,
				482FE8CD2737144800BDF8EF /* Frameworks */,
				482FE8CE2737144800BDF8EF /* Resources */,
			);
			buildRules = (
			);
			dependencies = (
			);
			name = VIPER;
			productName = VIPER;
			productReference = 482FE8D02737144800BDF8EF /* VIPER.app */;
			productType = "com.apple.product-type.application";
		};
		482FE8E52737144E00BDF8EF /* VIPERTests */ = {
			isa = PBXNativeTarget;
			buildConfigurationList = 482FE8FD2737144E00BDF8EF /* Build configuration list for PBXNativeTarget "VIPERTests" */;
			buildPhases = (
				482FE8E22737144E00BDF8EF /* Sources */,
				482FE8E32737144E00BDF8EF /* Frameworks */,
				482FE8E42737144E00BDF8EF /* Resources */,
			);
			buildRules = (
			);
			dependencies = (
				482FE8E82737144E00BDF8EF /* PBXTargetDependency */,
			);
			name = VIPERTests;
			productName = VIPERTests;
			productReference = 482FE8E62737144E00BDF8EF /* VIPERTests.xctest */;
			productType = "com.apple.product-type.bundle.unit-test";
		};
		482FE8EF2737144E00BDF8EF /* VIPERUITests */ = {
			isa = PBXNativeTarget;
			buildConfigurationList = 482FE9002737144E00BDF8EF /* Build configuration list for PBXNativeTarget "VIPERUITests" */;
			buildPhases = (
				482FE8EC2737144E00BDF8EF /* Sources */,
				482FE8ED2737144E00BDF8EF /* Frameworks */,
				482FE8EE2737144E00BDF8EF /* Resources */,
			);
			buildRules = (
			);
			dependencies = (
				482FE8F22737144E00BDF8EF /* PBXTargetDependency */,
			);
			name = VIPERUITests;
			productName = VIPERUITests;
			productReference = 482FE8F02737144E00BDF8EF /* VIPERUITests.xctest */;
			productType = "com.apple.product-type.bundle.ui-testing";
		};
/* End PBXNativeTarget section */

/* Begin PBXProject section */
		482FE8C82737144800BDF8EF /* Project object */ = {
			isa = PBXProject;
			attributes = {
				BuildIndependentTargetsInParallel = 1;
				LastSwiftUpdateCheck = 1310;
				LastUpgradeCheck = 1310;
				TargetAttributes = {
					482FE8CF2737144800BDF8EF = {
						CreatedOnToolsVersion = 13.1;
					};
					482FE8E52737144E00BDF8EF = {
						CreatedOnToolsVersion = 13.1;
						TestTargetID = 482FE8CF2737144800BDF8EF;
					};
					482FE8EF2737144E00BDF8EF = {
						CreatedOnToolsVersion = 13.1;
						TestTargetID = 482FE8CF2737144800BDF8EF;
					};
				};
			};
			buildConfigurationList = 482FE8CB2737144800BDF8EF /* Build configuration list for PBXProject "VIPER" */;
			compatibilityVersion = "Xcode 13.0";
			developmentRegion = en;
			hasScannedForEncodings = 0;
			knownRegions = (
				en,
				Base,
			);
			mainGroup = 482FE8C72737144800BDF8EF;
			productRefGroup = 482FE8D12737144800BDF8EF /* Products */;
			projectDirPath = "";
			projectRoot = "";
			targets = (
				482FE8CF2737144800BDF8EF /* VIPER */,
				482FE8E52737144E00BDF8EF /* VIPERTests */,
				482FE8EF2737144E00BDF8EF /* VIPERUITests */,
			);
		};
/* End PBXProject section */

/* Begin PBXResourcesBuildPhase section */
		482FE8CE2737144800BDF8EF /* Resources */ = {
			isa = PBXResourcesBuildPhase;
			buildActionMask = 2147483647;
			files = (
				482FE8E02737144D00BDF8EF /* LaunchScreen.storyboard in Resources */,
				482FE8DD2737144D00BDF8EF /* Assets.xcassets in Resources */,
			);
			runOnlyForDeploymentPostprocessing = 0;
		};
		482FE8E42737144E00BDF8EF /* Resources */ = {
			isa = PBXResourcesBuildPhase;
			buildActionMask = 2147483647;
			files = (
			);
			runOnlyForDeploymentPostprocessing = 0;
		};
		482FE8EE2737144E00BDF8EF /* Resources */ = {
			isa = PBXResourcesBuildPhase;
			buildActionMask = 2147483647;
			files = (
			);
			runOnlyForDeploymentPostprocessing = 0;
		};
/* End PBXResourcesBuildPhase section */

/* Begin PBXSourcesBuildPhase section */
		482FE8CC2737144800BDF8EF /* Sources */ = {
			isa = PBXSourcesBuildPhase;
			buildActionMask = 2147483647;
			files = (
				482FE90D273714CB00BDF8EF /* Router.swift in Sources */,
				482FE909273714AF00BDF8EF /* Presenter.swift in Sources */,
				482FE9042737148300BDF8EF /* View.swift in Sources */,
				482FE90B273714BC00BDF8EF /* Entity.swift in Sources */,
				482FE907273714A500BDF8EF /* Interactor.swift in Sources */,
				482FE8D42737144800BDF8EF /* AppDelegate.swift in Sources */,
				482FE8D62737144800BDF8EF /* SceneDelegate.swift in Sources */,
			);
			runOnlyForDeploymentPostprocessing = 0;
		};
		482FE8E22737144E00BDF8EF /* Sources */ = {
			isa = PBXSourcesBuildPhase;
			buildActionMask = 2147483647;
			files = (
				482FE8EB2737144E00BDF8EF /* VIPERTests.swift in Sources */,
			);
			runOnlyForDeploymentPostprocessing = 0;
		};
		482FE8EC2737144E00BDF8EF /* Sources */ = {
			isa = PBXSourcesBuildPhase;
			buildActionMask = 2147483647;
			files = (
				482FE8F52737144E00BDF8EF /* VIPERUITests.swift in Sources */,
				482FE8F72737144E00BDF8EF /* VIPERUITestsLaunchTests.swift in Sources */,
			);
			runOnlyForDeploymentPostprocessing = 0;
		};
/* End PBXSourcesBuildPhase section */

/* Begin PBXTargetDependency section */
		482FE8E82737144E00BDF8EF /* PBXTargetDependency */ = {
			isa = PBXTargetDependency;
			target = 482FE8CF2737144800BDF8EF /* VIPER */;
			targetProxy = 482FE8E72737144E00BDF8EF /* PBXContainerItemProxy */;
		};
		482FE8F22737144E00BDF8EF /* PBXTargetDependency */ = {
			isa = PBXTargetDependency;
			target = 482FE8CF2737144800BDF8EF /* VIPER */;
			targetProxy = 482FE8F12737144E00BDF8EF /* PBXContainerItemProxy */;
		};
/* End PBXTargetDependency section */

/* Begin PBXVariantGroup section */
		482FE8DE2737144D00BDF8EF /* LaunchScreen.storyboard */ = {
			isa = PBXVariantGroup;
			children = (
				482FE8DF2737144D00BDF8EF /* Base */,
			);
			name = LaunchScreen.storyboard;
			sourceTree = "<group>";
		};
/* End PBXVariantGroup section */

/* Begin XCBuildConfiguration section */
		482FE8F82737144E00BDF8EF /* Debug */ = {
			isa = XCBuildConfiguration;
			buildSettings = {
				ALWAYS_SEARCH_USER_PATHS = NO;
				CLANG_ANALYZER_NONNULL = YES;
				CLANG_ANALYZER_NUMBER_OBJECT_CONVERSION = YES_AGGRESSIVE;
				CLANG_CXX_LANGUAGE_STANDARD = "gnu++17";
				CLANG_CXX_LIBRARY = "libc++";
				CLANG_ENABLE_MODULES = YES;
				CLANG_ENABLE_OBJC_ARC = YES;
				CLANG_ENABLE_OBJC_WEAK = YES;
				CLANG_WARN_BLOCK_CAPTURE_AUTORELEASING = YES;
				CLANG_WARN_BOOL_CONVERSION = YES;
				CLANG_WARN_COMMA = YES;
				CLANG_WARN_CONSTANT_CONVERSION = YES;
				CLANG_WARN_DEPRECATED_OBJC_IMPLEMENTATIONS = YES;
				CLANG_WARN_DIRECT_OBJC_ISA_USAGE = YES_ERROR;
				CLANG_WARN_DOCUMENTATION_COMMENTS = YES;
				CLANG_WARN_EMPTY_BODY = YES;
				CLANG_WARN_ENUM_CONVERSION = YES;
				CLANG_WARN_INFINITE_RECURSION = YES;
				CLANG_WARN_INT_CONVERSION = YES;
				CLANG_WARN_NON_LITERAL_NULL_CONVERSION = YES;
				CLANG_WARN_OBJC_IMPLICIT_RETAIN_SELF = YES;
				CLANG_WARN_OBJC_LITERAL_CONVERSION = YES;
				CLANG_WARN_OBJC_ROOT_CLASS = YES_ERROR;
				CLANG_WARN_QUOTED_INCLUDE_IN_FRAMEWORK_HEADER = YES;
				CLANG_WARN_RANGE_LOOP_ANALYSIS = YES;
				CLANG_WARN_STRICT_PROTOTYPES = YES;
				CLANG_WARN_SUSPICIOUS_MOVE = YES;
				CLANG_WARN_UNGUARDED_AVAILABILITY = YES_AGGRESSIVE;
				CLANG_WARN_UNREACHABLE_CODE = YES;
				CLANG_WARN__DUPLICATE_METHOD_MATCH = YES;
				COPY_PHASE_STRIP = NO;
				DEBUG_INFORMATION_FORMAT = dwarf;
				ENABLE_STRICT_OBJC_MSGSEND = YES;
				ENABLE_TESTABILITY = YES;
				GCC_C_LANGUAGE_STANDARD = gnu11;
				GCC_DYNAMIC_NO_PIC = NO;
				GCC_NO_COMMON_BLOCKS = YES;
				GCC_OPTIMIZATION_LEVEL = 0;
				GCC_PREPROCESSOR_DEFINITIONS = (
					"DEBUG=1",
					"$(inherited)",
				);
				GCC_WARN_64_TO_32_BIT_CONVERSION = YES;
				GCC_WARN_ABOUT_RETURN_TYPE = YES_ERROR;
				GCC_WARN_UNDECLARED_SELECTOR = YES;
				GCC_WARN_UNINITIALIZED_AUTOS = YES_AGGRESSIVE;
				GCC_WARN_UNUSED_FUNCTION = YES;
				GCC_WARN_UNUSED_VARIABLE = YES;
				IPHONEOS_DEPLOYMENT_TARGET = 15.0;
				MTL_ENABLE_DEBUG_INFO = INCLUDE_SOURCE;
				MTL_FAST_MATH = YES;
				ONLY_ACTIVE_ARCH = YES;
				SDKROOT = iphoneos;
				SWIFT_ACTIVE_COMPILATION_CONDITIONS = DEBUG;
				SWIFT_OPTIMIZATION_LEVEL = "-Onone";
			};
			name = Debug;
		};
		482FE8F92737144E00BDF8EF /* Release */ = {
			isa = XCBuildConfiguration;
			buildSettings = {
				ALWAYS_SEARCH_USER_PATHS = NO;
				CLANG_ANALYZER_NONNULL = YES;
				CLANG_ANALYZER_NUMBER_OBJECT_CONVERSION = YES_AGGRESSIVE;
				CLANG_CXX_LANGUAGE_STANDARD = "gnu++17";
				CLANG_CXX_LIBRARY = "libc++";
				CLANG_ENABLE_MODULES = YES;
				CLANG_ENABLE_OBJC_ARC = YES;
				CLANG_ENABLE_OBJC_WEAK = YES;
				CLANG_WARN_BLOCK_CAPTURE_AUTORELEASING = YES;
				CLANG_WARN_BOOL_CONVERSION = YES;
				CLANG_WARN_COMMA = YES;
				CLANG_WARN_CONSTANT_CONVERSION = YES;
				CLANG_WARN_DEPRECATED_OBJC_IMPLEMENTATIONS = YES;
				CLANG_WARN_DIRECT_OBJC_ISA_USAGE = YES_ERROR;
				CLANG_WARN_DOCUMENTATION_COMMENTS = YES;
				CLANG_WARN_EMPTY_BODY = YES;
				CLANG_WARN_ENUM_CONVERSION = YES;
				CLANG_WARN_INFINITE_RECURSION = YES;
				CLANG_WARN_INT_CONVERSION = YES;
				CLANG_WARN_NON_LITERAL_NULL_CONVERSION = YES;
				CLANG_WARN_OBJC_IMPLICIT_RETAIN_SELF = YES;
				CLANG_WARN_OBJC_LITERAL_CONVERSION = YES;
				CLANG_WARN_OBJC_ROOT_CLASS = YES_ERROR;
				CLANG_WARN_QUOTED_INCLUDE_IN_FRAMEWORK_HEADER = YES;
				CLANG_WARN_RANGE_LOOP_ANALYSIS = YES;
				CLANG_WARN_STRICT_PROTOTYPES = YES;
				CLANG_WARN_SUSPICIOUS_MOVE = YES;
				CLANG_WARN_UNGUARDED_AVAILABILITY = YES_AGGRESSIVE;
				CLANG_WARN_UNREACHABLE_CODE = YES;
				CLANG_WARN__DUPLICATE_METHOD_MATCH = YES;
				COPY_PHASE_STRIP = NO;
				DEBUG_INFORMATION_FORMAT = "dwarf-with-dsym";
				ENABLE_NS_ASSERTIONS = NO;
				ENABLE_STRICT_OBJC_MSGSEND = YES;
				GCC_C_LANGUAGE_STANDARD = gnu11;
				GCC_NO_COMMON_BLOCKS = YES;
				GCC_WARN_64_TO_32_BIT_CONVERSION = YES;
				GCC_WARN_ABOUT_RETURN_TYPE = YES_ERROR;
				GCC_WARN_UNDECLARED_SELECTOR = YES;
				GCC_WARN_UNINITIALIZED_AUTOS = YES_AGGRESSIVE;
				GCC_WARN_UNUSED_FUNCTION = YES;
				GCC_WARN_UNUSED_VARIABLE = YES;
				IPHONEOS_DEPLOYMENT_TARGET = 15.0;
				MTL_ENABLE_DEBUG_INFO = NO;
				MTL_FAST_MATH = YES;
				SDKROOT = iphoneos;
				SWIFT_COMPILATION_MODE = wholemodule;
				SWIFT_OPTIMIZATION_LEVEL = "-O";
				VALIDATE_PRODUCT = YES;
			};
			name = Release;
		};
		482FE8FB2737144E00BDF8EF /* Debug */ = {
			isa = XCBuildConfiguration;
			buildSettings = {
				ASSETCATALOG_COMPILER_APPICON_NAME = AppIcon;
				ASSETCATALOG_COMPILER_GLOBAL_ACCENT_COLOR_NAME = AccentColor;
				CODE_SIGN_STYLE = Automatic;
				CURRENT_PROJECT_VERSION = 1;
				GENERATE_INFOPLIST_FILE = YES;
				INFOPLIST_FILE = VIPER/Info.plist;
				INFOPLIST_KEY_UIApplicationSupportsIndirectInputEvents = YES;
				INFOPLIST_KEY_UILaunchStoryboardName = LaunchScreen;
				INFOPLIST_KEY_UISupportedInterfaceOrientations_iPad = "UIInterfaceOrientationPortrait UIInterfaceOrientationPortraitUpsideDown UIInterfaceOrientationLandscapeLeft UIInterfaceOrientationLandscapeRight";
				INFOPLIST_KEY_UISupportedInterfaceOrientations_iPhone = "UIInterfaceOrientationPortrait UIInterfaceOrientationLandscapeLeft UIInterfaceOrientationLandscapeRight";
				LD_RUNPATH_SEARCH_PATHS = (
					"$(inherited)",
					"@executable_path/Frameworks",
				);
				MARKETING_VERSION = 1.0;
				PRODUCT_BUNDLE_IDENTIFIER = nn.VIPER;
				PRODUCT_NAME = "$(TARGET_NAME)";
				SWIFT_EMIT_LOC_STRINGS = YES;
				SWIFT_VERSION = 5.0;
				TARGETED_DEVICE_FAMILY = "1,2";
			};
			name = Debug;
		};
		482FE8FC2737144E00BDF8EF /* Release */ = {
			isa = XCBuildConfiguration;
			buildSettings = {
				ASSETCATALOG_COMPILER_APPICON_NAME = AppIcon;
				ASSETCATALOG_COMPILER_GLOBAL_ACCENT_COLOR_NAME = AccentColor;
				CODE_SIGN_STYLE = Automatic;
				CURRENT_PROJECT_VERSION = 1;
				GENERATE_INFOPLIST_FILE = YES;
				INFOPLIST_FILE = VIPER/Info.plist;
				INFOPLIST_KEY_UIApplicationSupportsIndirectInputEvents = YES;
				INFOPLIST_KEY_UILaunchStoryboardName = LaunchScreen;
				INFOPLIST_KEY_UISupportedInterfaceOrientations_iPad = "UIInterfaceOrientationPortrait UIInterfaceOrientationPortraitUpsideDown UIInterfaceOrientationLandscapeLeft UIInterfaceOrientationLandscapeRight";
				INFOPLIST_KEY_UISupportedInterfaceOrientations_iPhone = "UIInterfaceOrientationPortrait UIInterfaceOrientationLandscapeLeft UIInterfaceOrientationLandscapeRight";
				LD_RUNPATH_SEARCH_PATHS = (
					"$(inherited)",
					"@executable_path/Frameworks",
				);
				MARKETING_VERSION = 1.0;
				PRODUCT_BUNDLE_IDENTIFIER = nn.VIPER;
				PRODUCT_NAME = "$(TARGET_NAME)";
				SWIFT_EMIT_LOC_STRINGS = YES;
				SWIFT_VERSION = 5.0;
				TARGETED_DEVICE_FAMILY = "1,2";
			};
			name = Release;
		};
		482FE8FE2737144E00BDF8EF /* Debug */ = {
			isa = XCBuildConfiguration;
			buildSettings = {
				ALWAYS_EMBED_SWIFT_STANDARD_LIBRARIES = YES;
				BUNDLE_LOADER = "$(TEST_HOST)";
				CODE_SIGN_STYLE = Automatic;
				CURRENT_PROJECT_VERSION = 1;
				GENERATE_INFOPLIST_FILE = YES;
				IPHONEOS_DEPLOYMENT_TARGET = 15.0;
				LD_RUNPATH_SEARCH_PATHS = (
					"$(inherited)",
					"@executable_path/Frameworks",
					"@loader_path/Frameworks",
				);
				MARKETING_VERSION = 1.0;
				PRODUCT_BUNDLE_IDENTIFIER = nn.VIPERTests;
				PRODUCT_NAME = "$(TARGET_NAME)";
				SWIFT_EMIT_LOC_STRINGS = NO;
				SWIFT_VERSION = 5.0;
				TARGETED_DEVICE_FAMILY = "1,2";
				TEST_HOST = "$(BUILT_PRODUCTS_DIR)/VIPER.app/VIPER";
			};
			name = Debug;
		};
		482FE8FF2737144E00BDF8EF /* Release */ = {
			isa = XCBuildConfiguration;
			buildSettings = {
				ALWAYS_EMBED_SWIFT_STANDARD_LIBRARIES = YES;
				BUNDLE_LOADER = "$(TEST_HOST)";
				CODE_SIGN_STYLE = Automatic;
				CURRENT_PROJECT_VERSION = 1;
				GENERATE_INFOPLIST_FILE = YES;
				IPHONEOS_DEPLOYMENT_TARGET = 15.0;
				LD_RUNPATH_SEARCH_PATHS = (
					"$(inherited)",
					"@executable_path/Frameworks",
					"@loader_path/Frameworks",
				);
				MARKETING_VERSION = 1.0;
				PRODUCT_BUNDLE_IDENTIFIER = nn.VIPERTests;
				PRODUCT_NAME = "$(TARGET_NAME)";
				SWIFT_EMIT_LOC_STRINGS = NO;
				SWIFT_VERSION = 5.0;
				TARGETED_DEVICE_FAMILY = "1,2";
				TEST_HOST = "$(BUILT_PRODUCTS_DIR)/VIPER.app/VIPER";
			};
			name = Release;
		};
		482FE9012737144E00BDF8EF /* Debug */ = {
			isa = XCBuildConfiguration;
			buildSettings = {
				ALWAYS_EMBED_SWIFT_STANDARD_LIBRARIES = YES;
				CODE_SIGN_STYLE = Automatic;
				CURRENT_PROJECT_VERSION = 1;
				GENERATE_INFOPLIST_FILE = YES;
				LD_RUNPATH_SEARCH_PATHS = (
					"$(inherited)",
					"@executable_path/Frameworks",
					"@loader_path/Frameworks",
				);
				MARKETING_VERSION = 1.0;
				PRODUCT_BUNDLE_IDENTIFIER = nn.VIPERUITests;
				PRODUCT_NAME = "$(TARGET_NAME)";
				SWIFT_EMIT_LOC_STRINGS = NO;
				SWIFT_VERSION = 5.0;
				TARGETED_DEVICE_FAMILY = "1,2";
				TEST_TARGET_NAME = VIPER;
			};
			name = Debug;
		};
		482FE9022737144E00BDF8EF /* Release */ = {
			isa = XCBuildConfiguration;
			buildSettings = {
				ALWAYS_EMBED_SWIFT_STANDARD_LIBRARIES = YES;
				CODE_SIGN_STYLE = Automatic;
				CURRENT_PROJECT_VERSION = 1;
				GENERATE_INFOPLIST_FILE = YES;
				LD_RUNPATH_SEARCH_PATHS = (
					"$(inherited)",
					"@executable_path/Frameworks",
					"@loader_path/Frameworks",
				);
				MARKETING_VERSION = 1.0;
				PRODUCT_BUNDLE_IDENTIFIER = nn.VIPERUITests;
				PRODUCT_NAME = "$(TARGET_NAME)";
				SWIFT_EMIT_LOC_STRINGS = NO;
				SWIFT_VERSION = 5.0;
				TARGETED_DEVICE_FAMILY = "1,2";
				TEST_TARGET_NAME = VIPER;
			};
			name = Release;
		};
/* End XCBuildConfiguration section */

/* Begin XCConfigurationList section */
		482FE8CB2737144800BDF8EF /* Build configuration list for PBXProject "VIPER" */ = {
			isa = XCConfigurationList;
			buildConfigurations = (
				482FE8F82737144E00BDF8EF /* Debug */,
				482FE8F92737144E00BDF8EF /* Release */,
			);
			defaultConfigurationIsVisible = 0;
			defaultConfigurationName = Release;
		};
		482FE8FA2737144E00BDF8EF /* Build configuration list for PBXNativeTarget "VIPER" */ = {
			isa = XCConfigurationList;
			buildConfigurations = (
				482FE8FB2737144E00BDF8EF /* Debug */,
				482FE8FC2737144E00BDF8EF /* Release */,
			);
			defaultConfigurationIsVisible = 0;
			defaultConfigurationName = Release;
		};
		482FE8FD2737144E00BDF8EF /* Build configuration list for PBXNativeTarget "VIPERTests" */ = {
			isa = XCConfigurationList;
			buildConfigurations = (
				482FE8FE2737144E00BDF8EF /* Debug */,
				482FE8FF2737144E00BDF8EF /* Release */,
			);
			defaultConfigurationIsVisible = 0;
			defaultConfigurationName = Release;
		};
		482FE9002737144E00BDF8EF /* Build configuration list for PBXNativeTarget "VIPERUITests" */ = {
			isa = XCConfigurationList;
			buildConfigurations = (
				482FE9012737144E00BDF8EF /* Debug */,
				482FE9022737144E00BDF8EF /* Release */,
			);
			defaultConfigurationIsVisible = 0;
			defaultConfigurationName = Release;
		};
/* End XCConfigurationList section */
	};
	rootObject = 482FE8C82737144800BDF8EF /* Project object */;
}
